schema: '2.0'
stages:
  load_data:
    cmd: python -m src.data_loading.load_data
    deps:
    - path: src/data_loading/load_data.py
      hash: md5
      md5: 2e44ca1b61cbe9ab249879a31ee1fc9c
      size: 1342
    outs:
    - path: data/raw/raw.csv
      hash: md5
      md5: e1b6054b415ad8448f25838a532bfb3e
      size: 116187
  preprocess_data:
    cmd: python -m src.data_preprocessing.preprocess_data
    deps:
    - path: data/raw/raw.csv
      hash: md5
      md5: e1b6054b415ad8448f25838a532bfb3e
      size: 116187
    - path: src/data_preprocessing/preprocess_data.py
      hash: md5
      md5: 727f22f9650a9dfb2b1a217912d46034
      size: 3993
    params:
      params.yaml:
        preprocess_data.random_seed: 42
        preprocess_data.test_size: 0.25
    outs:
    - path: artifacts/[features]_mean_imputer.joblib
      hash: md5
      md5: f8ee516b40e844c86571e3aa5d79d2c8
      size: 1511
    - path: data/preprocessed/test_preprocessed.csv
      hash: md5
      md5: 72525e84bb15094d267595604196a034
      size: 33500
    - path: data/preprocessed/train_preprocessed.csv
      hash: md5
      md5: ba3ca350c579d24108654a9bba72c20c
      size: 99229
  engineer_features:
    cmd: python -m src.feature_engineering.engineer_features
    deps:
    - path: data/preprocessed/test_preprocessed.csv
      hash: md5
      md5: 72525e84bb15094d267595604196a034
      size: 33500
    - path: data/preprocessed/train_preprocessed.csv
      hash: md5
      md5: ba3ca350c579d24108654a9bba72c20c
      size: 99229
    - path: src/feature_engineering/engineer_features.py
      hash: md5
      md5: f8446b81a185b5c5d4b06fd60a3b9b9f
      size: 3052
    outs:
    - path: artifacts/[features]_scaler.joblib
      hash: md5
      md5: 2e9e48240d24bb2ca0f06b050ec9b5b9
      size: 2135
    - path: data/processed/test_processed.csv
      hash: md5
      md5: fca8f0ba332e8ad6379a9959f30bb552
      size: 85010
    - path: data/processed/train_processed.csv
      hash: md5
      md5: 714ea8b0a23ed19c45eb5054e5ccb5c4
      size: 252543
  train:
    cmd: python -m src.model_training.train_model
    deps:
    - path: data/processed/train_processed.csv
      hash: md5
      md5: 714ea8b0a23ed19c45eb5054e5ccb5c4
      size: 252543
    - path: src/model_training/train_model.py
      hash: md5
      md5: df13f62bf88ea77ec0c2d9652908489b
      size: 6077
    params:
      params.yaml:
        train.batch_size: 16
        train.dropout_rate: 0.3
        train.epochs: 100
        train.hidden_layer_1_neurons: 32
        train.hidden_layer_2_neurons: 16
        train.learning_rate: 0.01
    outs:
    - path: metrics/training.json
      hash: md5
      md5: 5b5840334ba57fb8c3ffc7040b506e73
      size: 140
    - path: models/model.keras
      hash: md5
      md5: 1d5b8fc020d89ba0536012d942877fc1
      size: 48295
  evaluate:
    cmd: python -m src.model_evaluation.evaluate_model
    deps:
    - path: data/processed/test_processed.csv
      hash: md5
      md5: fca8f0ba332e8ad6379a9959f30bb552
      size: 85010
    - path: models/model.keras
      hash: md5
      md5: 1d5b8fc020d89ba0536012d942877fc1
      size: 48295
    - path: src/model_evaluation/evaluate_model.py
      hash: md5
      md5: 2f39ac5bbdec7ad1de5a1f0519342489
      size: 2742
    outs:
    - path: metrics/evaluation.json
      hash: md5
      md5: 3a989558341257090d2869088a6ab151
      size: 790
